
Microsoft Visual Studio Solution File, Format Version 12.00
# Visual Studio Version 17
VisualStudioVersion = 17.9.34701.34
MinimumVisualStudioVersion = 10.0.40219.1
Project("{9A19103F-16F7-4668-BE54-9A1E7A4F7556}") = "ClinicManager.Application", "ClinicManager.Application\ClinicManager.Application.csproj", "{C2FE1515-9DF8-415A-A6B4-536B90C91867}"
EndProject
Project("{9A19103F-16F7-4668-BE54-9A1E7A4F7556}") = "ClinicManager.Core", "ClinicManager.Core\ClinicManager.Core.csproj", "{2EE4DDF8-1498-4B2A-BA1C-0B8D1021D9E0}"
EndProject
Project("{9A19103F-16F7-4668-BE54-9A1E7A4F7556}") = "ClinicManager.Api", "ClinicManager.Api\ClinicManager.Api.csproj", "{45BB6B21-D8E2-4159-91D5-0CA55828A4B3}"
EndProject
Project("{9A19103F-16F7-4668-BE54-9A1E7A4F7556}") = "ClinicManager.Infrastructure", "ClinicManager.Infrastructure\ClinicManager.Infrastructure.csproj", "{A982B528-E6A6-4B86-8B57-916A6E4810B9}"
EndProject
Global
	GlobalSection(SolutionConfigurationPlatforms) = preSolution
		Debug|Any CPU = Debug|Any CPU
		Release|Any CPU = Release|Any CPU
	EndGlobalSection
	GlobalSection(ProjectConfigurationPlatforms) = postSolution
		{C2FE1515-9DF8-415A-A6B4-536B90C91867}.Debug|Any CPU.ActiveCfg = Debug|Any CPU
		{C2FE1515-9DF8-415A-A6B4-536B90C91867}.Debug|Any CPU.Build.0 = Debug|Any CPU
		{C2FE1515-9DF8-415A-A6B4-536B90C91867}.Release|Any CPU.ActiveCfg = Release|Any CPU
		{C2FE1515-9DF8-415A-A6B4-536B90C91867}.Release|Any CPU.Build.0 = Release|Any CPU
		{2EE4DDF8-1498-4B2A-BA1C-0B8D1021D9E0}.Debug|Any CPU.ActiveCfg = Debug|Any CPU
		{2EE4DDF8-1498-4B2A-BA1C-0B8D1021D9E0}.Debug|Any CPU.Build.0 = Debug|Any CPU
		{2EE4DDF8-1498-4B2A-BA1C-0B8D1021D9E0}.Release|Any CPU.ActiveCfg = Release|Any CPU
		{2EE4DDF8-1498-4B2A-BA1C-0B8D1021D9E0}.Release|Any CPU.Build.0 = Release|Any CPU
		{45BB6B21-D8E2-4159-91D5-0CA55828A4B3}.Debug|Any CPU.ActiveCfg = Debug|Any CPU
		{45BB6B21-D8E2-4159-91D5-0CA55828A4B3}.Debug|Any CPU.Build.0 = Debug|Any CPU
		{45BB6B21-D8E2-4159-91D5-0CA55828A4B3}.Release|Any CPU.ActiveCfg = Release|Any CPU
		{45BB6B21-D8E2-4159-91D5-0CA55828A4B3}.Release|Any CPU.Build.0 = Release|Any CPU
		{A982B528-E6A6-4B86-8B57-916A6E4810B9}.Debug|Any CPU.ActiveCfg = Debug|Any CPU
		{A982B528-E6A6-4B86-8B57-916A6E4810B9}.Debug|Any CPU.Build.0 = Debug|Any CPU
		{A982B528-E6A6-4B86-8B57-916A6E4810B9}.Release|Any CPU.ActiveCfg = Release|Any CPU
		{A982B528-E6A6-4B86-8B57-916A6E4810B9}.Release|Any CPU.Build.0 = Release|Any CPU
	EndGlobalSection
	GlobalSection(SolutionProperties) = preSolution
		HideSolutionNode = FALSE
	EndGlobalSection
	GlobalSection(ExtensibilityGlobals) = postSolution
		SolutionGuid = {2C6A0139-E40A-40FE-B898-0C807DC0C1B9}
	EndGlobalSection
EndGlobal
